
Microsoft Visual Studio Solution File, Format Version 12.00
# Visual Studio 2012
Project("{FAE04EC0-301F-11D3-BF4B-00C04F79EFBC}") = "deveel-cli", "deveel-cli\deveel-cli.csproj", "{AA920CF1-11CD-44DA-BF46-D4F1DFC69510}"
EndProject
Project("{FAE04EC0-301F-11D3-BF4B-00C04F79EFBC}") = "deveel-cli-nunit", "deveel-cli-nunit\deveel-cli-nunit.csproj", "{D0A00B0B-1E74-4A6D-B5AE-FBAEA37A9615}"
EndProject
Project("{2150E333-8FDC-42A3-9474-1A3956D46DE8}") = ".nuget", ".nuget", "{51E67A35-7F48-4A48-9F5A-33A05FD7851B}"
	ProjectSection(SolutionItems) = preProject
		.nuget\NuGet.Config = .nuget\NuGet.Config
		.nuget\NuGet.exe = .nuget\NuGet.exe
		.nuget\NuGet.targets = .nuget\NuGet.targets
	EndProjectSection
EndProject
Global
	GlobalSection(SolutionConfigurationPlatforms) = preSolution
		Debug|Any CPU = Debug|Any CPU
		Release|Any CPU = Release|Any CPU
	EndGlobalSection
	GlobalSection(ProjectConfigurationPlatforms) = postSolution
		{AA920CF1-11CD-44DA-BF46-D4F1DFC69510}.Debug|Any CPU.ActiveCfg = Debug|Any CPU
		{AA920CF1-11CD-44DA-BF46-D4F1DFC69510}.Debug|Any CPU.Build.0 = Debug|Any CPU
		{AA920CF1-11CD-44DA-BF46-D4F1DFC69510}.Release|Any CPU.ActiveCfg = Release|Any CPU
		{AA920CF1-11CD-44DA-BF46-D4F1DFC69510}.Release|Any CPU.Build.0 = Release|Any CPU
		{D0A00B0B-1E74-4A6D-B5AE-FBAEA37A9615}.Debug|Any CPU.ActiveCfg = Debug|Any CPU
		{D0A00B0B-1E74-4A6D-B5AE-FBAEA37A9615}.Debug|Any CPU.Build.0 = Debug|Any CPU
		{D0A00B0B-1E74-4A6D-B5AE-FBAEA37A9615}.Release|Any CPU.ActiveCfg = Release|Any CPU
		{D0A00B0B-1E74-4A6D-B5AE-FBAEA37A9615}.Release|Any CPU.Build.0 = Release|Any CPU
	EndGlobalSection
	GlobalSection(SolutionProperties) = preSolution
		HideSolutionNode = FALSE
	EndGlobalSection
EndGlobal
